// !$*UTF8*$!
{
	archiveVersion = 1;
	classes = {
	};
	objectVersion = 50;
	objects = {

/* Begin PBXBuildFile section */
		0B29D52B227ECEB400CDE9E9 /* TodoListController.m in Sources */ = {isa = PBXBuildFile; fileRef = 0B29D52A227ECEB400CDE9E9 /* TodoListController.m */; };
		0B6E753F227FEA1F00AAA0DD /* GoogleService-Info.plist in Resources */ = {isa = PBXBuildFile; fileRef = 0B6E753E227FEA1F00AAA0DD /* GoogleService-Info.plist */; };
		0B6E7542227FF30700AAA0DD /* AddTodoController.m in Sources */ = {isa = PBXBuildFile; fileRef = 0B6E7541227FF30700AAA0DD /* AddTodoController.m */; };
		0B6E75452280237200AAA0DD /* Todo.m in Sources */ = {isa = PBXBuildFile; fileRef = 0B6E75442280237200AAA0DD /* Todo.m */; };
		0B757A97226852700007BA67 /* AppDelegate.m in Sources */ = {isa = PBXBuildFile; fileRef = 0B757A96226852700007BA67 /* AppDelegate.m */; };
		0B757A9D226852700007BA67 /* Main.storyboard in Resources */ = {isa = PBXBuildFile; fileRef = 0B757A9B226852700007BA67 /* Main.storyboard */; };
		0B757AA2226852710007BA67 /* LaunchScreen.storyboard in Resources */ = {isa = PBXBuildFile; fileRef = 0B757AA0226852710007BA67 /* LaunchScreen.storyboard */; };
		0B757AA5226852710007BA67 /* main.m in Sources */ = {isa = PBXBuildFile; fileRef = 0B757AA4226852710007BA67 /* main.m */; };
		0B95C093226C217B00331509 /* HomePageViewController.m in Sources */ = {isa = PBXBuildFile; fileRef = 0B95C092226C217B00331509 /* HomePageViewController.m */; };
		0B95C096226C39A400331509 /* Assets.xcassets in Resources */ = {isa = PBXBuildFile; fileRef = 0B95C095226C39A400331509 /* Assets.xcassets */; };
		0BCFEA8F226B27810086BA0F /* LoginController.m in Sources */ = {isa = PBXBuildFile; fileRef = 0BCFEA8E226B27810086BA0F /* LoginController.m */; };
		AE042BE6D320E8A5ED43273F /* libPods-MyFirstIOSApp.a in Frameworks */ = {isa = PBXBuildFile; fileRef = E4EB5BD4825F3EEA2D8AEDCD /* libPods-MyFirstIOSApp.a */; };
/* End PBXBuildFile section */

/* Begin PBXFileReference section */
		0B29D529227ECEB400CDE9E9 /* TodoListController.h */ = {isa = PBXFileReference; lastKnownFileType = sourcecode.c.h; path = TodoListController.h; sourceTree = "<group>"; };
		0B29D52A227ECEB400CDE9E9 /* TodoListController.m */ = {isa = PBXFileReference; lastKnownFileType = sourcecode.c.objc; path = TodoListController.m; sourceTree = "<group>"; };
		0B6E753E227FEA1F00AAA0DD /* GoogleService-Info.plist */ = {isa = PBXFileReference; fileEncoding = 4; lastKnownFileType = text.plist.xml; name = "GoogleService-Info.plist"; path = "../../../../Downloads/GoogleService-Info.plist"; sourceTree = "<group>"; };
		0B6E7540227FF30700AAA0DD /* AddTodoController.h */ = {isa = PBXFileReference; lastKnownFileType = sourcecode.c.h; path = AddTodoController.h; sourceTree = "<group>"; };
		0B6E7541227FF30700AAA0DD /* AddTodoController.m */ = {isa = PBXFileReference; lastKnownFileType = sourcecode.c.objc; path = AddTodoController.m; sourceTree = "<group>"; };
		0B6E75432280237200AAA0DD /* Todo.h */ = {isa = PBXFileReference; lastKnownFileType = sourcecode.c.h; path = Todo.h; sourceTree = "<group>"; };
		0B6E75442280237200AAA0DD /* Todo.m */ = {isa = PBXFileReference; lastKnownFileType = sourcecode.c.objc; path = Todo.m; sourceTree = "<group>"; };
		0B757A92226852700007BA67 /* MyFirstIOSApp.app */ = {isa = PBXFileReference; explicitFileType = wrapper.application; includeInIndex = 0; path = MyFirstIOSApp.app; sourceTree = BUILT_PRODUCTS_DIR; };
		0B757A95226852700007BA67 /* AppDelegate.h */ = {isa = PBXFileReference; lastKnownFileType = sourcecode.c.h; path = AppDelegate.h; sourceTree = "<group>"; };
		0B757A96226852700007BA67 /* AppDelegate.m */ = {isa = PBXFileReference; lastKnownFileType = sourcecode.c.objc; path = AppDelegate.m; sourceTree = "<group>"; };
		0B757A9C226852700007BA67 /* Base */ = {isa = PBXFileReference; lastKnownFileType = file.storyboard; name = Base; path = Base.lproj/Main.storyboard; sourceTree = "<group>"; };
		0B757AA1226852710007BA67 /* Base */ = {isa = PBXFileReference; lastKnownFileType = file.storyboard; name = Base; path = Base.lproj/LaunchScreen.storyboard; sourceTree = "<group>"; };
		0B757AA3226852710007BA67 /* Info.plist */ = {isa = PBXFileReference; lastKnownFileType = text.plist.xml; path = Info.plist; sourceTree = "<group>"; };
		0B757AA4226852710007BA67 /* main.m */ = {isa = PBXFileReference; lastKnownFileType = sourcecode.c.objc; path = main.m; sourceTree = "<group>"; };
		0B95C091226C217B00331509 /* HomePageViewController.h */ = {isa = PBXFileReference; lastKnownFileType = sourcecode.c.h; path = HomePageViewController.h; sourceTree = "<group>"; };
		0B95C092226C217B00331509 /* HomePageViewController.m */ = {isa = PBXFileReference; lastKnownFileType = sourcecode.c.objc; path = HomePageViewController.m; sourceTree = "<group>"; };
		0B95C095226C39A400331509 /* Assets.xcassets */ = {isa = PBXFileReference; lastKnownFileType = folder.assetcatalog; path = Assets.xcassets; sourceTree = "<group>"; };
		0BCFEA8D226B27810086BA0F /* LoginController.h */ = {isa = PBXFileReference; lastKnownFileType = sourcecode.c.h; path = LoginController.h; sourceTree = "<group>"; };
		0BCFEA8E226B27810086BA0F /* LoginController.m */ = {isa = PBXFileReference; lastKnownFileType = sourcecode.c.objc; path = LoginController.m; sourceTree = "<group>"; };
		303212F8F918252EECD12363 /* Pods-MyFirstIOSApp.release.xcconfig */ = {isa = PBXFileReference; includeInIndex = 1; lastKnownFileType = text.xcconfig; name = "Pods-MyFirstIOSApp.release.xcconfig"; path = "Pods/Target Support Files/Pods-MyFirstIOSApp/Pods-MyFirstIOSApp.release.xcconfig"; sourceTree = "<group>"; };
		A1D21267A62F59ED16AFE9DF /* Pods-MyFirstIOSApp.debug.xcconfig */ = {isa = PBXFileReference; includeInIndex = 1; lastKnownFileType = text.xcconfig; name = "Pods-MyFirstIOSApp.debug.xcconfig"; path = "Pods/Target Support Files/Pods-MyFirstIOSApp/Pods-MyFirstIOSApp.debug.xcconfig"; sourceTree = "<group>"; };
		E4EB5BD4825F3EEA2D8AEDCD /* libPods-MyFirstIOSApp.a */ = {isa = PBXFileReference; explicitFileType = archive.ar; includeInIndex = 0; path = "libPods-MyFirstIOSApp.a"; sourceTree = BUILT_PRODUCTS_DIR; };
/* End PBXFileReference section */

/* Begin PBXFrameworksBuildPhase section */
		0B757A8F226852700007BA67 /* Frameworks */ = {
			isa = PBXFrameworksBuildPhase;
			buildActionMask = 2147483647;
			files = (
				AE042BE6D320E8A5ED43273F /* libPods-MyFirstIOSApp.a in Frameworks */,
			);
			runOnlyForDeploymentPostprocessing = 0;
		};
/* End PBXFrameworksBuildPhase section */

/* Begin PBXGroup section */
		0B757A89226852700007BA67 = {
			isa = PBXGroup;
			children = (
				0B757A94226852700007BA67 /* MyFirstIOSApp */,
				0B757A93226852700007BA67 /* Products */,
				A5A0039601278B6E1031DF33 /* Pods */,
				AC2671E7EAB1D1B59605166C /* Frameworks */,
			);
			sourceTree = "<group>";
		};
		0B757A93226852700007BA67 /* Products */ = {
			isa = PBXGroup;
			children = (
				0B757A92226852700007BA67 /* MyFirstIOSApp.app */,
			);
			name = Products;
			sourceTree = "<group>";
		};
		0B757A94226852700007BA67 /* MyFirstIOSApp */ = {
			isa = PBXGroup;
			children = (
				0B6E753E227FEA1F00AAA0DD /* GoogleService-Info.plist */,
				0B95C095226C39A400331509 /* Assets.xcassets */,
				0B757A96226852700007BA67 /* AppDelegate.m */,
				0B757AA0226852710007BA67 /* LaunchScreen.storyboard */,
				0B757A9B226852700007BA67 /* Main.storyboard */,
				0B757A95226852700007BA67 /* AppDelegate.h */,
				0B757AA3226852710007BA67 /* Info.plist */,
				0B757AA4226852710007BA67 /* main.m */,
				0BCFEA8D226B27810086BA0F /* LoginController.h */,
				0BCFEA8E226B27810086BA0F /* LoginController.m */,
				0B95C091226C217B00331509 /* HomePageViewController.h */,
				0B95C092226C217B00331509 /* HomePageViewController.m */,
				0B29D529227ECEB400CDE9E9 /* TodoListController.h */,
				0B29D52A227ECEB400CDE9E9 /* TodoListController.m */,
				0B6E7540227FF30700AAA0DD /* AddTodoController.h */,
				0B6E7541227FF30700AAA0DD /* AddTodoController.m */,
				0B6E75432280237200AAA0DD /* Todo.h */,
				0B6E75442280237200AAA0DD /* Todo.m */,
			);
			path = MyFirstIOSApp;
			sourceTree = "<group>";
		};
		A5A0039601278B6E1031DF33 /* Pods */ = {
			isa = PBXGroup;
			children = (
				A1D21267A62F59ED16AFE9DF /* Pods-MyFirstIOSApp.debug.xcconfig */,
				303212F8F918252EECD12363 /* Pods-MyFirstIOSApp.release.xcconfig */,
			);
			name = Pods;
			sourceTree = "<group>";
		};
		AC2671E7EAB1D1B59605166C /* Frameworks */ = {
			isa = PBXGroup;
			children = (
				E4EB5BD4825F3EEA2D8AEDCD /* libPods-MyFirstIOSApp.a */,
			);
			name = Frameworks;
			sourceTree = "<group>";
		};
/* End PBXGroup section */

/* Begin PBXNativeTarget section */
		0B757A91226852700007BA67 /* MyFirstIOSApp */ = {
			isa = PBXNativeTarget;
			buildConfigurationList = 0B757AA8226852710007BA67 /* Build configuration list for PBXNativeTarget "MyFirstIOSApp" */;
			buildPhases = (
				2ACA2F8887556BD329E1D172 /* [CP] Check Pods Manifest.lock */,
				0B757A8E226852700007BA67 /* Sources */,
				0B757A8F226852700007BA67 /* Frameworks */,
				0B757A90226852700007BA67 /* Resources */,
			);
			buildRules = (
			);
			dependencies = (
			);
			name = MyFirstIOSApp;
			productName = MyFirstIOSApp;
			productReference = 0B757A92226852700007BA67 /* MyFirstIOSApp.app */;
			productType = "com.apple.product-type.application";
		};
/* End PBXNativeTarget section */

/* Begin PBXProject section */
		0B757A8A226852700007BA67 /* Project object */ = {
			isa = PBXProject;
			attributes = {
				LastUpgradeCheck = 1020;
				ORGANIZATIONNAME = "Hilary Lin";
				TargetAttributes = {
					0B757A91226852700007BA67 = {
						CreatedOnToolsVersion = 10.2.1;
					};
				};
			};
			buildConfigurationList = 0B757A8D226852700007BA67 /* Build configuration list for PBXProject "MyFirstIOSApp" */;
			compatibilityVersion = "Xcode 9.3";
			developmentRegion = en;
			hasScannedForEncodings = 0;
			knownRegions = (
				en,
				Base,
			);
			mainGroup = 0B757A89226852700007BA67;
			productRefGroup = 0B757A93226852700007BA67 /* Products */;
			projectDirPath = "";
			projectRoot = "";
			targets = (
				0B757A91226852700007BA67 /* MyFirstIOSApp */,
			);
		};
/* End PBXProject section */

/* Begin PBXResourcesBuildPhase section */
		0B757A90226852700007BA67 /* Resources */ = {
			isa = PBXResourcesBuildPhase;
			buildActionMask = 2147483647;
			files = (
				0B757AA2226852710007BA67 /* LaunchScreen.storyboard in Resources */,
				0B6E753F227FEA1F00AAA0DD /* GoogleService-Info.plist in Resources */,
				0B95C096226C39A400331509 /* Assets.xcassets in Resources */,
				0B757A9D226852700007BA67 /* Main.storyboard in Resources */,
			);
			runOnlyForDeploymentPostprocessing = 0;
		};
/* End PBXResourcesBuildPhase section */

/* Begin PBXShellScriptBuildPhase section */
		2ACA2F8887556BD329E1D172 /* [CP] Check Pods Manifest.lock */ = {
			isa = PBXShellScriptBuildPhase;
			buildActionMask = 2147483647;
			files = (
			);
			inputPaths = (
				"${PODS_PODFILE_DIR_PATH}/Podfile.lock",
				"${PODS_ROOT}/Manifest.lock",
			);
			name = "[CP] Check Pods Manifest.lock";
			outputPaths = (
				"$(DERIVED_FILE_DIR)/Pods-MyFirstIOSApp-checkManifestLockResult.txt",
			);
			runOnlyForDeploymentPostprocessing = 0;
			shellPath = /bin/sh;
			shellScript = "diff \"${PODS_PODFILE_DIR_PATH}/Podfile.lock\" \"${PODS_ROOT}/Manifest.lock\" > /dev/null\nif [ $? != 0 ] ; then\n    # print error to STDERR\n    echo \"error: The sandbox is not in sync with the Podfile.lock. Run 'pod install' or update your CocoaPods installation.\" >&2\n    exit 1\nfi\n# This output is used by Xcode 'outputs' to avoid re-running this script phase.\necho \"SUCCESS\" > \"${SCRIPT_OUTPUT_FILE_0}\"\n";
			showEnvVarsInLog = 0;
		};
/* End PBXShellScriptBuildPhase section */

/* Begin PBXSourcesBuildPhase section */
		0B757A8E226852700007BA67 /* Sources */ = {
			isa = PBXSourcesBuildPhase;
			buildActionMask = 2147483647;
			files = (
				0BCFEA8F226B27810086BA0F /* LoginController.m in Sources */,
				0B6E7542227FF30700AAA0DD /* AddTodoController.m in Sources */,
				0B29D52B227ECEB400CDE9E9 /* TodoListController.m in Sources */,
				0B95C093226C217B00331509 /* HomePageViewController.m in Sources */,
				0B757AA5226852710007BA67 /* main.m in Sources */,
				0B6E75452280237200AAA0DD /* Todo.m in Sources */,
				0B757A97226852700007BA67 /* AppDelegate.m in Sources */,
			);
			runOnlyForDeploymentPostprocessing = 0;
		};
/* End PBXSourcesBuildPhase section */

/* Begin PBXVariantGroup section */
		0B757A9B226852700007BA67 /* Main.storyboard */ = {
			isa = PBXVariantGroup;
			children = (
				0B757A9C226852700007BA67 /* Base */,
			);
			name = Main.storyboard;
			sourceTree = "<group>";
		};
		0B757AA0226852710007BA67 /* LaunchScreen.storyboard */ = {
			isa = PBXVariantGroup;
			children = (
				0B757AA1226852710007BA67 /* Base */,
			);
			name = LaunchScreen.storyboard;
			sourceTree = "<group>";
		};
/* End PBXVariantGroup section */

/* Begin XCBuildConfiguration section */
		0B757AA6226852710007BA67 /* Debug */ = {
			isa = XCBuildConfiguration;
			buildSettings = {
				ALWAYS_SEARCH_USER_PATHS = NO;
				CLANG_ANALYZER_NONNULL = YES;
				CLANG_ANALYZER_NUMBER_OBJECT_CONVERSION = YES_AGGRESSIVE;
				CLANG_CXX_LANGUAGE_STANDARD = "gnu++14";
				CLANG_CXX_LIBRARY = "libc++";
				CLANG_ENABLE_MODULES = YES;
				CLANG_ENABLE_OBJC_ARC = YES;
				CLANG_ENABLE_OBJC_WEAK = YES;
				CLANG_WARN_BLOCK_CAPTURE_AUTORELEASING = YES;
				CLANG_WARN_BOOL_CONVERSION = YES;
				CLANG_WARN_COMMA = YES;
				CLANG_WARN_CONSTANT_CONVERSION = YES;
				CLANG_WARN_DEPRECATED_OBJC_IMPLEMENTATIONS = YES;
				CLANG_WARN_DIRECT_OBJC_ISA_USAGE = YES_ERROR;
				CLANG_WARN_DOCUMENTATION_COMMENTS = YES;
				CLANG_WARN_EMPTY_BODY = YES;
				CLANG_WARN_ENUM_CONVERSION = YES;
				CLANG_WARN_INFINITE_RECURSION = YES;
				CLANG_WARN_INT_CONVERSION = YES;
				CLANG_WARN_NON_LITERAL_NULL_CONVERSION = YES;
				CLANG_WARN_OBJC_IMPLICIT_RETAIN_SELF = YES;
				CLANG_WARN_OBJC_LITERAL_CONVERSION = YES;
				CLANG_WARN_OBJC_ROOT_CLASS = YES_ERROR;
				CLANG_WARN_RANGE_LOOP_ANALYSIS = YES;
				CLANG_WARN_STRICT_PROTOTYPES = YES;
				CLANG_WARN_SUSPICIOUS_MOVE = YES;
				CLANG_WARN_UNGUARDED_AVAILABILITY = YES_AGGRESSIVE;
				CLANG_WARN_UNREACHABLE_CODE = YES;
				CLANG_WARN__DUPLICATE_METHOD_MATCH = YES;
				CODE_SIGN_IDENTITY = "iPhone Developer";
				COPY_PHASE_STRIP = NO;
				DEBUG_INFORMATION_FORMAT = dwarf;
				ENABLE_STRICT_OBJC_MSGSEND = YES;
				ENABLE_TESTABILITY = YES;
				GCC_C_LANGUAGE_STANDARD = gnu11;
				GCC_DYNAMIC_NO_PIC = NO;
				GCC_NO_COMMON_BLOCKS = YES;
				GCC_OPTIMIZATION_LEVEL = 0;
				GCC_PREPROCESSOR_DEFINITIONS = (
					"DEBUG=1",
					"$(inherited)",
				);
				GCC_WARN_64_TO_32_BIT_CONVERSION = YES;
				GCC_WARN_ABOUT_RETURN_TYPE = YES_ERROR;
				GCC_WARN_UNDECLARED_SELECTOR = YES;
				GCC_WARN_UNINITIALIZED_AUTOS = YES_AGGRESSIVE;
				GCC_WARN_UNUSED_FUNCTION = YES;
				GCC_WARN_UNUSED_VARIABLE = YES;
				IPHONEOS_DEPLOYMENT_TARGET = 12.2;
				MTL_ENABLE_DEBUG_INFO = INCLUDE_SOURCE;
				MTL_FAST_MATH = YES;
				ONLY_ACTIVE_ARCH = YES;
				SDKROOT = iphoneos;
			};
			name = Debug;
		};
		0B757AA7226852710007BA67 /* Release */ = {
			isa = XCBuildConfiguration;
			buildSettings = {
				ALWAYS_SEARCH_USER_PATHS = NO;
				CLANG_ANALYZER_NONNULL = YES;
				CLANG_ANALYZER_NUMBER_OBJECT_CONVERSION = YES_AGGRESSIVE;
				CLANG_CXX_LANGUAGE_STANDARD = "gnu++14";
				CLANG_CXX_LIBRARY = "libc++";
				CLANG_ENABLE_MODULES = YES;
				CLANG_ENABLE_OBJC_ARC = YES;
				CLANG_ENABLE_OBJC_WEAK = YES;
				CLANG_WARN_BLOCK_CAPTURE_AUTORELEASING = YES;
				CLANG_WARN_BOOL_CONVERSION = YES;
				CLANG_WARN_COMMA = YES;
				CLANG_WARN_CONSTANT_CONVERSION = YES;
				CLANG_WARN_DEPRECATED_OBJC_IMPLEMENTATIONS = YES;
				CLANG_WARN_DIRECT_OBJC_ISA_USAGE = YES_ERROR;
				CLANG_WARN_DOCUMENTATION_COMMENTS = YES;
				CLANG_WARN_EMPTY_BODY = YES;
				CLANG_WARN_ENUM_CONVERSION = YES;
				CLANG_WARN_INFINITE_RECURSION = YES;
				CLANG_WARN_INT_CONVERSION = YES;
				CLANG_WARN_NON_LITERAL_NULL_CONVERSION = YES;
				CLANG_WARN_OBJC_IMPLICIT_RETAIN_SELF = YES;
				CLANG_WARN_OBJC_LITERAL_CONVERSION = YES;
				CLANG_WARN_OBJC_ROOT_CLASS = YES_ERROR;
				CLANG_WARN_RANGE_LOOP_ANALYSIS = YES;
				CLANG_WARN_STRICT_PROTOTYPES = YES;
				CLANG_WARN_SUSPICIOUS_MOVE = YES;
				CLANG_WARN_UNGUARDED_AVAILABILITY = YES_AGGRESSIVE;
				CLANG_WARN_UNREACHABLE_CODE = YES;
				CLANG_WARN__DUPLICATE_METHOD_MATCH = YES;
				CODE_SIGN_IDENTITY = "iPhone Developer";
				COPY_PHASE_STRIP = NO;
				DEBUG_INFORMATION_FORMAT = "dwarf-with-dsym";
				ENABLE_NS_ASSERTIONS = NO;
				ENABLE_STRICT_OBJC_MSGSEND = YES;
				GCC_C_LANGUAGE_STANDARD = gnu11;
				GCC_NO_COMMON_BLOCKS = YES;
				GCC_WARN_64_TO_32_BIT_CONVERSION = YES;
				GCC_WARN_ABOUT_RETURN_TYPE = YES_ERROR;
				GCC_WARN_UNDECLARED_SELECTOR = YES;
				GCC_WARN_UNINITIALIZED_AUTOS = YES_AGGRESSIVE;
				GCC_WARN_UNUSED_FUNCTION = YES;
				GCC_WARN_UNUSED_VARIABLE = YES;
				IPHONEOS_DEPLOYMENT_TARGET = 12.2;
				MTL_ENABLE_DEBUG_INFO = NO;
				MTL_FAST_MATH = YES;
				SDKROOT = iphoneos;
				VALIDATE_PRODUCT = YES;
			};
			name = Release;
		};
		0B757AA9226852710007BA67 /* Debug */ = {
			isa = XCBuildConfiguration;
			baseConfigurationReference = A1D21267A62F59ED16AFE9DF /* Pods-MyFirstIOSApp.debug.xcconfig */;
			buildSettings = {
				ASSETCATALOG_COMPILER_APPICON_NAME = AppIcon;
				CODE_SIGN_IDENTITY = "iPhone Developer";
				CODE_SIGN_STYLE = Automatic;
				DEVELOPMENT_TEAM = M93S47S5P2;
				INFOPLIST_FILE = MyFirstIOSApp/Info.plist;
				IPHONEOS_DEPLOYMENT_TARGET = 12.1;
				LD_RUNPATH_SEARCH_PATHS = (
					"$(inherited)",
					"@executable_path/Frameworks",
				);
				PRODUCT_BUNDLE_IDENTIFIER = com.hilary.SHLOVE;
				PRODUCT_NAME = "$(TARGET_NAME)";
				PROVISIONING_PROFILE_SPECIFIER = "";
				TARGETED_DEVICE_FAMILY = "1,2";
			};
			name = Debug;
		};
		0B757AAA226852710007BA67 /* Release */ = {
			isa = XCBuildConfiguration;
			baseConfigurationReference = 303212F8F918252EECD12363 /* Pods-MyFirstIOSApp.release.xcconfig */;
			buildSettings = {
				ASSETCATALOG_COMPILER_APPICON_NAME = AppIcon;
				CODE_SIGN_IDENTITY = "iPhone Developer";
				CODE_SIGN_STYLE = Automatic;
				DEVELOPMENT_TEAM = M93S47S5P2;
				INFOPLIST_FILE = MyFirstIOSApp/Info.plist;
				IPHONEOS_DEPLOYMENT_TARGET = 12.1;
				LD_RUNPATH_SEARCH_PATHS = (
					"$(inherited)",
					"@executable_path/Frameworks",
				);
				PRODUCT_BUNDLE_IDENTIFIER = com.hilary.SHLOVE;
				PRODUCT_NAME = "$(TARGET_NAME)";
				PROVISIONING_PROFILE_SPECIFIER = "";
				TARGETED_DEVICE_FAMILY = "1,2";
			};
			name = Release;
		};
/* End XCBuildConfiguration section */

/* Begin XCConfigurationList section */
		0B757A8D226852700007BA67 /* Build configuration list for PBXProject "MyFirstIOSApp" */ = {
			isa = XCConfigurationList;
			buildConfigurations = (
				0B757AA6226852710007BA67 /* Debug */,
				0B757AA7226852710007BA67 /* Release */,
			);
			defaultConfigurationIsVisible = 0;
			defaultConfigurationName = Release;
		};
		0B757AA8226852710007BA67 /* Build configuration list for PBXNativeTarget "MyFirstIOSApp" */ = {
			isa = XCConfigurationList;
			buildConfigurations = (
				0B757AA9226852710007BA67 /* Debug */,
				0B757AAA226852710007BA67 /* Release */,
			);
			defaultConfigurationIsVisible = 0;
			defaultConfigurationName = Release;
		};
/* End XCConfigurationList section */
	};
	rootObject = 0B757A8A226852700007BA67 /* Project object */;
}
